// !$*UTF8*$!
{
	archiveVersion = 1;
	classes = {
	};
	objectVersion = 50;
	objects = {

/* Begin PBXBuildFile section */
		57133136FFB6FDE72343934A /* Pods_fb_feed.framework in Frameworks */ = {isa = PBXBuildFile; fileRef = 8112513C02DF2162F82784C4 /* Pods_fb_feed.framework */; };
		77428E6320A756DC00B1658B /* AppDelegate.swift in Sources */ = {isa = PBXBuildFile; fileRef = 77428E6220A756DC00B1658B /* AppDelegate.swift */; };
		77428E6520A756DC00B1658B /* FeedViewController.swift in Sources */ = {isa = PBXBuildFile; fileRef = 77428E6420A756DC00B1658B /* FeedViewController.swift */; };
		77428E6820A756DC00B1658B /* Main.storyboard in Resources */ = {isa = PBXBuildFile; fileRef = 77428E6620A756DC00B1658B /* Main.storyboard */; };
		77428E6A20A756E100B1658B /* Assets.xcassets in Resources */ = {isa = PBXBuildFile; fileRef = 77428E6920A756E100B1658B /* Assets.xcassets */; };
		77428E6D20A756E100B1658B /* LaunchScreen.storyboard in Resources */ = {isa = PBXBuildFile; fileRef = 77428E6B20A756E100B1658B /* LaunchScreen.storyboard */; };
		77428E7620A75EDE00B1658B /* DataService.swift in Sources */ = {isa = PBXBuildFile; fileRef = 77428E7520A75EDE00B1658B /* DataService.swift */; };
		77428E7820A7629700B1658B /* ApiService.swift in Sources */ = {isa = PBXBuildFile; fileRef = 77428E7720A7629700B1658B /* ApiService.swift */; };
		77428E7B20A76FF100B1658B /* Article.swift in Sources */ = {isa = PBXBuildFile; fileRef = 77428E7A20A76FF100B1658B /* Article.swift */; };
		77428E7D20A774E100B1658B /* TopHeadlinesRequest.swift in Sources */ = {isa = PBXBuildFile; fileRef = 77428E7C20A774E100B1658B /* TopHeadlinesRequest.swift */; };
		77428E8020A7769900B1658B /* Date+Extensions.swift in Sources */ = {isa = PBXBuildFile; fileRef = 77428E7F20A7769900B1658B /* Date+Extensions.swift */; };
		77428E8220A7817200B1658B /* TopArticles.swift in Sources */ = {isa = PBXBuildFile; fileRef = 77428E8120A7817200B1658B /* TopArticles.swift */; };
		77428E8520A78EDC00B1658B /* ArticleCell.swift in Sources */ = {isa = PBXBuildFile; fileRef = 77428E8420A78EDC00B1658B /* ArticleCell.swift */; };
		77428E8820A792F100B1658B /* ArticleContext.swift in Sources */ = {isa = PBXBuildFile; fileRef = 77428E8720A792F100B1658B /* ArticleContext.swift */; };
		77428E8A20A7932100B1658B /* DataServiceListener.swift in Sources */ = {isa = PBXBuildFile; fileRef = 77428E8920A7932100B1658B /* DataServiceListener.swift */; };
		77428E8C20A79ABA00B1658B /* FeedDataSource.swift in Sources */ = {isa = PBXBuildFile; fileRef = 77428E8B20A79ABA00B1658B /* FeedDataSource.swift */; };
		77428E8E20A79BD900B1658B /* FeedViewModel.swift in Sources */ = {isa = PBXBuildFile; fileRef = 77428E8D20A79BD900B1658B /* FeedViewModel.swift */; };
		77428E9020A7B24A00B1658B /* LoadingFooterView.xib in Resources */ = {isa = PBXBuildFile; fileRef = 77428E8F20A7B24A00B1658B /* LoadingFooterView.xib */; };
		77428E9220A7B36700B1658B /* LoadingFooterView.swift in Sources */ = {isa = PBXBuildFile; fileRef = 77428E9120A7B36700B1658B /* LoadingFooterView.swift */; };
		77428E9420A7B86300B1658B /* FeedDelegate.swift in Sources */ = {isa = PBXBuildFile; fileRef = 77428E9320A7B86300B1658B /* FeedDelegate.swift */; };
/* End PBXBuildFile section */

/* Begin PBXFileReference section */
		25EE7D1AC270CD286809978A /* Pods-fb-feed.release.xcconfig */ = {isa = PBXFileReference; includeInIndex = 1; lastKnownFileType = text.xcconfig; name = "Pods-fb-feed.release.xcconfig"; path = "Pods/Target Support Files/Pods-fb-feed/Pods-fb-feed.release.xcconfig"; sourceTree = "<group>"; };
		34B098FDA4D2A10C35F4D7FB /* Pods-fb-feed.debug.xcconfig */ = {isa = PBXFileReference; includeInIndex = 1; lastKnownFileType = text.xcconfig; name = "Pods-fb-feed.debug.xcconfig"; path = "Pods/Target Support Files/Pods-fb-feed/Pods-fb-feed.debug.xcconfig"; sourceTree = "<group>"; };
		77428E5F20A756DC00B1658B /* fb-feed.app */ = {isa = PBXFileReference; explicitFileType = wrapper.application; includeInIndex = 0; path = "fb-feed.app"; sourceTree = BUILT_PRODUCTS_DIR; };
		77428E6220A756DC00B1658B /* AppDelegate.swift */ = {isa = PBXFileReference; lastKnownFileType = sourcecode.swift; path = AppDelegate.swift; sourceTree = "<group>"; };
		77428E6420A756DC00B1658B /* FeedViewController.swift */ = {isa = PBXFileReference; lastKnownFileType = sourcecode.swift; path = FeedViewController.swift; sourceTree = "<group>"; };
		77428E6720A756DC00B1658B /* Base */ = {isa = PBXFileReference; lastKnownFileType = file.storyboard; name = Base; path = Base.lproj/Main.storyboard; sourceTree = "<group>"; };
		77428E6920A756E100B1658B /* Assets.xcassets */ = {isa = PBXFileReference; lastKnownFileType = folder.assetcatalog; path = Assets.xcassets; sourceTree = "<group>"; };
		77428E6C20A756E100B1658B /* Base */ = {isa = PBXFileReference; lastKnownFileType = file.storyboard; name = Base; path = Base.lproj/LaunchScreen.storyboard; sourceTree = "<group>"; };
		77428E6E20A756E100B1658B /* Info.plist */ = {isa = PBXFileReference; lastKnownFileType = text.plist.xml; path = Info.plist; sourceTree = "<group>"; };
		77428E7520A75EDE00B1658B /* DataService.swift */ = {isa = PBXFileReference; lastKnownFileType = sourcecode.swift; path = DataService.swift; sourceTree = "<group>"; };
		77428E7720A7629700B1658B /* ApiService.swift */ = {isa = PBXFileReference; lastKnownFileType = sourcecode.swift; path = ApiService.swift; sourceTree = "<group>"; };
		77428E7A20A76FF100B1658B /* Article.swift */ = {isa = PBXFileReference; lastKnownFileType = sourcecode.swift; path = Article.swift; sourceTree = "<group>"; };
		77428E7C20A774E100B1658B /* TopHeadlinesRequest.swift */ = {isa = PBXFileReference; lastKnownFileType = sourcecode.swift; path = TopHeadlinesRequest.swift; sourceTree = "<group>"; };
		77428E7F20A7769900B1658B /* Date+Extensions.swift */ = {isa = PBXFileReference; lastKnownFileType = sourcecode.swift; path = "Date+Extensions.swift"; sourceTree = "<group>"; };
		77428E8120A7817200B1658B /* TopArticles.swift */ = {isa = PBXFileReference; lastKnownFileType = sourcecode.swift; path = TopArticles.swift; sourceTree = "<group>"; };
		77428E8420A78EDC00B1658B /* ArticleCell.swift */ = {isa = PBXFileReference; lastKnownFileType = sourcecode.swift; path = ArticleCell.swift; sourceTree = "<group>"; };
		77428E8720A792F100B1658B /* ArticleContext.swift */ = {isa = PBXFileReference; lastKnownFileType = sourcecode.swift; path = ArticleContext.swift; sourceTree = "<group>"; };
		77428E8920A7932100B1658B /* DataServiceListener.swift */ = {isa = PBXFileReference; lastKnownFileType = sourcecode.swift; path = DataServiceListener.swift; sourceTree = "<group>"; };
		77428E8B20A79ABA00B1658B /* FeedDataSource.swift */ = {isa = PBXFileReference; lastKnownFileType = sourcecode.swift; path = FeedDataSource.swift; sourceTree = "<group>"; };
		77428E8D20A79BD900B1658B /* FeedViewModel.swift */ = {isa = PBXFileReference; lastKnownFileType = sourcecode.swift; path = FeedViewModel.swift; sourceTree = "<group>"; };
		77428E8F20A7B24A00B1658B /* LoadingFooterView.xib */ = {isa = PBXFileReference; lastKnownFileType = file.xib; path = LoadingFooterView.xib; sourceTree = "<group>"; };
		77428E9120A7B36700B1658B /* LoadingFooterView.swift */ = {isa = PBXFileReference; lastKnownFileType = sourcecode.swift; path = LoadingFooterView.swift; sourceTree = "<group>"; };
		77428E9320A7B86300B1658B /* FeedDelegate.swift */ = {isa = PBXFileReference; lastKnownFileType = sourcecode.swift; path = FeedDelegate.swift; sourceTree = "<group>"; };
		8112513C02DF2162F82784C4 /* Pods_fb_feed.framework */ = {isa = PBXFileReference; explicitFileType = wrapper.framework; includeInIndex = 0; path = Pods_fb_feed.framework; sourceTree = BUILT_PRODUCTS_DIR; };
/* End PBXFileReference section */

/* Begin PBXFrameworksBuildPhase section */
		77428E5C20A756DC00B1658B /* Frameworks */ = {
			isa = PBXFrameworksBuildPhase;
			buildActionMask = 2147483647;
			files = (
				57133136FFB6FDE72343934A /* Pods_fb_feed.framework in Frameworks */,
			);
			runOnlyForDeploymentPostprocessing = 0;
		};
/* End PBXFrameworksBuildPhase section */

/* Begin PBXGroup section */
		266D4ADC201D8B72357C045F /* Pods */ = {
			isa = PBXGroup;
			children = (
				34B098FDA4D2A10C35F4D7FB /* Pods-fb-feed.debug.xcconfig */,
				25EE7D1AC270CD286809978A /* Pods-fb-feed.release.xcconfig */,
			);
			name = Pods;
			sourceTree = "<group>";
		};
		77428E5620A756DC00B1658B = {
			isa = PBXGroup;
			children = (
				77428E6120A756DC00B1658B /* fb-feed */,
				77428E6020A756DC00B1658B /* Products */,
				266D4ADC201D8B72357C045F /* Pods */,
				E8E14DA6A4EF9C3AAAFBBACE /* Frameworks */,
			);
			sourceTree = "<group>";
		};
		77428E6020A756DC00B1658B /* Products */ = {
			isa = PBXGroup;
			children = (
				77428E5F20A756DC00B1658B /* fb-feed.app */,
			);
			name = Products;
			sourceTree = "<group>";
		};
		77428E6120A756DC00B1658B /* fb-feed */ = {
			isa = PBXGroup;
			children = (
				77428E6220A756DC00B1658B /* AppDelegate.swift */,
				77428E7E20A7768900B1658B /* Extensions */,
				77428E7920A76FE200B1658B /* Models */,
				77428E7420A75ECC00B1658B /* Services */,
				77428E8320A78CEA00B1658B /* UI */,
				77428E6920A756E100B1658B /* Assets.xcassets */,
				77428E6B20A756E100B1658B /* LaunchScreen.storyboard */,
				77428E6E20A756E100B1658B /* Info.plist */,
			);
			path = "fb-feed";
			sourceTree = "<group>";
		};
		77428E7420A75ECC00B1658B /* Services */ = {
			isa = PBXGroup;
			children = (
				77428E8620A792D000B1658B /* DataService */,
				77428E7720A7629700B1658B /* ApiService.swift */,
			);
			path = Services;
			sourceTree = "<group>";
		};
		77428E7920A76FE200B1658B /* Models */ = {
			isa = PBXGroup;
			children = (
				77428E7A20A76FF100B1658B /* Article.swift */,
				77428E8120A7817200B1658B /* TopArticles.swift */,
				77428E7C20A774E100B1658B /* TopHeadlinesRequest.swift */,
			);
			path = Models;
			sourceTree = "<group>";
		};
		77428E7E20A7768900B1658B /* Extensions */ = {
			isa = PBXGroup;
			children = (
				77428E7F20A7769900B1658B /* Date+Extensions.swift */,
			);
			path = Extensions;
			sourceTree = "<group>";
		};
		77428E8320A78CEA00B1658B /* UI */ = {
			isa = PBXGroup;
			children = (
				77428E6420A756DC00B1658B /* FeedViewController.swift */,
				77428E8D20A79BD900B1658B /* FeedViewModel.swift */,
				77428E8B20A79ABA00B1658B /* FeedDataSource.swift */,
				77428E9320A7B86300B1658B /* FeedDelegate.swift */,
				77428E8420A78EDC00B1658B /* ArticleCell.swift */,
				77428E6620A756DC00B1658B /* Main.storyboard */,
				77428E8F20A7B24A00B1658B /* LoadingFooterView.xib */,
				77428E9120A7B36700B1658B /* LoadingFooterView.swift */,
			);
			path = UI;
			sourceTree = "<group>";
		};
		77428E8620A792D000B1658B /* DataService */ = {
			isa = PBXGroup;
			children = (
				77428E7520A75EDE00B1658B /* DataService.swift */,
				77428E8920A7932100B1658B /* DataServiceListener.swift */,
				77428E8720A792F100B1658B /* ArticleContext.swift */,
			);
			path = DataService;
			sourceTree = "<group>";
		};
		E8E14DA6A4EF9C3AAAFBBACE /* Frameworks */ = {
			isa = PBXGroup;
			children = (
				8112513C02DF2162F82784C4 /* Pods_fb_feed.framework */,
			);
			name = Frameworks;
			sourceTree = "<group>";
		};
/* End PBXGroup section */

/* Begin PBXNativeTarget section */
		77428E5E20A756DC00B1658B /* fb-feed */ = {
			isa = PBXNativeTarget;
			buildConfigurationList = 77428E7120A756E100B1658B /* Build configuration list for PBXNativeTarget "fb-feed" */;
			buildPhases = (
				77A3EDAB4663A0A56BBD8D92 /* [CP] Check Pods Manifest.lock */,
				77428E5B20A756DC00B1658B /* Sources */,
				77428E5C20A756DC00B1658B /* Frameworks */,
				77428E5D20A756DC00B1658B /* Resources */,
				6C87F13EBF37F3B2ED51FA39 /* [CP] Embed Pods Frameworks */,
			);
			buildRules = (
			);
			dependencies = (
			);
			name = "fb-feed";
			productName = "fb-feed";
			productReference = 77428E5F20A756DC00B1658B /* fb-feed.app */;
			productType = "com.apple.product-type.application";
		};
/* End PBXNativeTarget section */

/* Begin PBXProject section */
		77428E5720A756DC00B1658B /* Project object */ = {
			isa = PBXProject;
			attributes = {
				LastSwiftUpdateCheck = 0930;
				LastUpgradeCheck = 0930;
				ORGANIZATIONNAME = "viktor smidl";
				TargetAttributes = {
					77428E5E20A756DC00B1658B = {
						CreatedOnToolsVersion = 9.3;
					};
				};
			};
			buildConfigurationList = 77428E5A20A756DC00B1658B /* Build configuration list for PBXProject "fb-feed" */;
			compatibilityVersion = "Xcode 9.3";
			developmentRegion = en;
			hasScannedForEncodings = 0;
			knownRegions = (
				en,
				Base,
			);
			mainGroup = 77428E5620A756DC00B1658B;
			productRefGroup = 77428E6020A756DC00B1658B /* Products */;
			projectDirPath = "";
			projectRoot = "";
			targets = (
				77428E5E20A756DC00B1658B /* fb-feed */,
			);
		};
/* End PBXProject section */

/* Begin PBXResourcesBuildPhase section */
		77428E5D20A756DC00B1658B /* Resources */ = {
			isa = PBXResourcesBuildPhase;
			buildActionMask = 2147483647;
			files = (
				77428E6D20A756E100B1658B /* LaunchScreen.storyboard in Resources */,
				77428E6A20A756E100B1658B /* Assets.xcassets in Resources */,
				77428E9020A7B24A00B1658B /* LoadingFooterView.xib in Resources */,
				77428E6820A756DC00B1658B /* Main.storyboard in Resources */,
			);
			runOnlyForDeploymentPostprocessing = 0;
		};
/* End PBXResourcesBuildPhase section */

/* Begin PBXShellScriptBuildPhase section */
		6C87F13EBF37F3B2ED51FA39 /* [CP] Embed Pods Frameworks */ = {
			isa = PBXShellScriptBuildPhase;
			buildActionMask = 2147483647;
			files = (
			);
			inputPaths = (
				"${SRCROOT}/Pods/Target Support Files/Pods-fb-feed/Pods-fb-feed-frameworks.sh",
				"${BUILT_PRODUCTS_DIR}/Kingfisher/Kingfisher.framework",
			);
			name = "[CP] Embed Pods Frameworks";
			outputPaths = (
				"${TARGET_BUILD_DIR}/${FRAMEWORKS_FOLDER_PATH}/Kingfisher.framework",
			);
			runOnlyForDeploymentPostprocessing = 0;
			shellPath = /bin/sh;
			shellScript = "\"${SRCROOT}/Pods/Target Support Files/Pods-fb-feed/Pods-fb-feed-frameworks.sh\"\n";
			showEnvVarsInLog = 0;
		};
		77A3EDAB4663A0A56BBD8D92 /* [CP] Check Pods Manifest.lock */ = {
			isa = PBXShellScriptBuildPhase;
			buildActionMask = 2147483647;
			files = (
			);
			inputPaths = (
				"${PODS_PODFILE_DIR_PATH}/Podfile.lock",
				"${PODS_ROOT}/Manifest.lock",
			);
			name = "[CP] Check Pods Manifest.lock";
			outputPaths = (
				"$(DERIVED_FILE_DIR)/Pods-fb-feed-checkManifestLockResult.txt",
			);
			runOnlyForDeploymentPostprocessing = 0;
			shellPath = /bin/sh;
			shellScript = "diff \"${PODS_PODFILE_DIR_PATH}/Podfile.lock\" \"${PODS_ROOT}/Manifest.lock\" > /dev/null\nif [ $? != 0 ] ; then\n    # print error to STDERR\n    echo \"error: The sandbox is not in sync with the Podfile.lock. Run 'pod install' or update your CocoaPods installation.\" >&2\n    exit 1\nfi\n# This output is used by Xcode 'outputs' to avoid re-running this script phase.\necho \"SUCCESS\" > \"${SCRIPT_OUTPUT_FILE_0}\"\n";
			showEnvVarsInLog = 0;
		};
/* End PBXShellScriptBuildPhase section */

/* Begin PBXSourcesBuildPhase section */
		77428E5B20A756DC00B1658B /* Sources */ = {
			isa = PBXSourcesBuildPhase;
			buildActionMask = 2147483647;
			files = (
				77428E8820A792F100B1658B /* ArticleContext.swift in Sources */,
				77428E7620A75EDE00B1658B /* DataService.swift in Sources */,
				77428E8C20A79ABA00B1658B /* FeedDataSource.swift in Sources */,
				77428E7D20A774E100B1658B /* TopHeadlinesRequest.swift in Sources */,
				77428E8020A7769900B1658B /* Date+Extensions.swift in Sources */,
				77428E9420A7B86300B1658B /* FeedDelegate.swift in Sources */,
				77428E6520A756DC00B1658B /* FeedViewController.swift in Sources */,
				77428E9220A7B36700B1658B /* LoadingFooterView.swift in Sources */,
				77428E8A20A7932100B1658B /* DataServiceListener.swift in Sources */,
				77428E7820A7629700B1658B /* ApiService.swift in Sources */,
				77428E8520A78EDC00B1658B /* ArticleCell.swift in Sources */,
				77428E6320A756DC00B1658B /* AppDelegate.swift in Sources */,
				77428E8220A7817200B1658B /* TopArticles.swift in Sources */,
				77428E7B20A76FF100B1658B /* Article.swift in Sources */,
				77428E8E20A79BD900B1658B /* FeedViewModel.swift in Sources */,
			);
			runOnlyForDeploymentPostprocessing = 0;
		};
/* End PBXSourcesBuildPhase section */

/* Begin PBXVariantGroup section */
		77428E6620A756DC00B1658B /* Main.storyboard */ = {
			isa = PBXVariantGroup;
			children = (
				77428E6720A756DC00B1658B /* Base */,
			);
			name = Main.storyboard;
			sourceTree = "<group>";
		};
		77428E6B20A756E100B1658B /* LaunchScreen.storyboard */ = {
			isa = PBXVariantGroup;
			children = (
				77428E6C20A756E100B1658B /* Base */,
			);
			name = LaunchScreen.storyboard;
			sourceTree = "<group>";
		};
/* End PBXVariantGroup section */

/* Begin XCBuildConfiguration section */
		77428E6F20A756E100B1658B /* Debug */ = {
			isa = XCBuildConfiguration;
			buildSettings = {
				ALWAYS_SEARCH_USER_PATHS = NO;
				CLANG_ANALYZER_NONNULL = YES;
				CLANG_ANALYZER_NUMBER_OBJECT_CONVERSION = YES_AGGRESSIVE;
				CLANG_CXX_LANGUAGE_STANDARD = "gnu++14";
				CLANG_CXX_LIBRARY = "libc++";
				CLANG_ENABLE_MODULES = YES;
				CLANG_ENABLE_OBJC_ARC = YES;
				CLANG_ENABLE_OBJC_WEAK = YES;
				CLANG_WARN_BLOCK_CAPTURE_AUTORELEASING = YES;
				CLANG_WARN_BOOL_CONVERSION = YES;
				CLANG_WARN_COMMA = YES;
				CLANG_WARN_CONSTANT_CONVERSION = YES;
				CLANG_WARN_DEPRECATED_OBJC_IMPLEMENTATIONS = YES;
				CLANG_WARN_DIRECT_OBJC_ISA_USAGE = YES_ERROR;
				CLANG_WARN_DOCUMENTATION_COMMENTS = YES;
				CLANG_WARN_EMPTY_BODY = YES;
				CLANG_WARN_ENUM_CONVERSION = YES;
				CLANG_WARN_INFINITE_RECURSION = YES;
				CLANG_WARN_INT_CONVERSION = YES;
				CLANG_WARN_NON_LITERAL_NULL_CONVERSION = YES;
				CLANG_WARN_OBJC_IMPLICIT_RETAIN_SELF = YES;
				CLANG_WARN_OBJC_LITERAL_CONVERSION = YES;
				CLANG_WARN_OBJC_ROOT_CLASS = YES_ERROR;
				CLANG_WARN_RANGE_LOOP_ANALYSIS = YES;
				CLANG_WARN_STRICT_PROTOTYPES = YES;
				CLANG_WARN_SUSPICIOUS_MOVE = YES;
				CLANG_WARN_UNGUARDED_AVAILABILITY = YES_AGGRESSIVE;
				CLANG_WARN_UNREACHABLE_CODE = YES;
				CLANG_WARN__DUPLICATE_METHOD_MATCH = YES;
				CODE_SIGN_IDENTITY = "iPhone Developer";
				COPY_PHASE_STRIP = NO;
				DEBUG_INFORMATION_FORMAT = dwarf;
				ENABLE_STRICT_OBJC_MSGSEND = YES;
				ENABLE_TESTABILITY = YES;
				GCC_C_LANGUAGE_STANDARD = gnu11;
				GCC_DYNAMIC_NO_PIC = NO;
				GCC_NO_COMMON_BLOCKS = YES;
				GCC_OPTIMIZATION_LEVEL = 0;
				GCC_PREPROCESSOR_DEFINITIONS = (
					"DEBUG=1",
					"$(inherited)",
				);
				GCC_WARN_64_TO_32_BIT_CONVERSION = YES;
				GCC_WARN_ABOUT_RETURN_TYPE = YES_ERROR;
				GCC_WARN_UNDECLARED_SELECTOR = YES;
				GCC_WARN_UNINITIALIZED_AUTOS = YES_AGGRESSIVE;
				GCC_WARN_UNUSED_FUNCTION = YES;
				GCC_WARN_UNUSED_VARIABLE = YES;
				IPHONEOS_DEPLOYMENT_TARGET = 11.0;
				MTL_ENABLE_DEBUG_INFO = YES;
				ONLY_ACTIVE_ARCH = YES;
				SDKROOT = iphoneos;
				SWIFT_ACTIVE_COMPILATION_CONDITIONS = DEBUG;
				SWIFT_OPTIMIZATION_LEVEL = "-Onone";
			};
			name = Debug;
		};
		77428E7020A756E100B1658B /* Release */ = {
			isa = XCBuildConfiguration;
			buildSettings = {
				ALWAYS_SEARCH_USER_PATHS = NO;
				CLANG_ANALYZER_NONNULL = YES;
				CLANG_ANALYZER_NUMBER_OBJECT_CONVERSION = YES_AGGRESSIVE;
				CLANG_CXX_LANGUAGE_STANDARD = "gnu++14";
				CLANG_CXX_LIBRARY = "libc++";
				CLANG_ENABLE_MODULES = YES;
				CLANG_ENABLE_OBJC_ARC = YES;
				CLANG_ENABLE_OBJC_WEAK = YES;
				CLANG_WARN_BLOCK_CAPTURE_AUTORELEASING = YES;
				CLANG_WARN_BOOL_CONVERSION = YES;
				CLANG_WARN_COMMA = YES;
				CLANG_WARN_CONSTANT_CONVERSION = YES;
				CLANG_WARN_DEPRECATED_OBJC_IMPLEMENTATIONS = YES;
				CLANG_WARN_DIRECT_OBJC_ISA_USAGE = YES_ERROR;
				CLANG_WARN_DOCUMENTATION_COMMENTS = YES;
				CLANG_WARN_EMPTY_BODY = YES;
				CLANG_WARN_ENUM_CONVERSION = YES;
				CLANG_WARN_INFINITE_RECURSION = YES;
				CLANG_WARN_INT_CONVERSION = YES;
				CLANG_WARN_NON_LITERAL_NULL_CONVERSION = YES;
				CLANG_WARN_OBJC_IMPLICIT_RETAIN_SELF = YES;
				CLANG_WARN_OBJC_LITERAL_CONVERSION = YES;
				CLANG_WARN_OBJC_ROOT_CLASS = YES_ERROR;
				CLANG_WARN_RANGE_LOOP_ANALYSIS = YES;
				CLANG_WARN_STRICT_PROTOTYPES = YES;
				CLANG_WARN_SUSPICIOUS_MOVE = YES;
				CLANG_WARN_UNGUARDED_AVAILABILITY = YES_AGGRESSIVE;
				CLANG_WARN_UNREACHABLE_CODE = YES;
				CLANG_WARN__DUPLICATE_METHOD_MATCH = YES;
				CODE_SIGN_IDENTITY = "iPhone Developer";
				COPY_PHASE_STRIP = NO;
				DEBUG_INFORMATION_FORMAT = "dwarf-with-dsym";
				ENABLE_NS_ASSERTIONS = NO;
				ENABLE_STRICT_OBJC_MSGSEND = YES;
				GCC_C_LANGUAGE_STANDARD = gnu11;
				GCC_NO_COMMON_BLOCKS = YES;
				GCC_WARN_64_TO_32_BIT_CONVERSION = YES;
				GCC_WARN_ABOUT_RETURN_TYPE = YES_ERROR;
				GCC_WARN_UNDECLARED_SELECTOR = YES;
				GCC_WARN_UNINITIALIZED_AUTOS = YES_AGGRESSIVE;
				GCC_WARN_UNUSED_FUNCTION = YES;
				GCC_WARN_UNUSED_VARIABLE = YES;
				IPHONEOS_DEPLOYMENT_TARGET = 11.0;
				MTL_ENABLE_DEBUG_INFO = NO;
				SDKROOT = iphoneos;
				SWIFT_COMPILATION_MODE = wholemodule;
				SWIFT_OPTIMIZATION_LEVEL = "-O";
				VALIDATE_PRODUCT = YES;
			};
			name = Release;
		};
		77428E7220A756E100B1658B /* Debug */ = {
			isa = XCBuildConfiguration;
			baseConfigurationReference = 34B098FDA4D2A10C35F4D7FB /* Pods-fb-feed.debug.xcconfig */;
			buildSettings = {
				ASSETCATALOG_COMPILER_APPICON_NAME = AppIcon;
				CODE_SIGN_STYLE = Automatic;
				INFOPLIST_FILE = "fb-feed/Info.plist";
				IPHONEOS_DEPLOYMENT_TARGET = 11.0;
				LD_RUNPATH_SEARCH_PATHS = (
					"$(inherited)",
					"@executable_path/Frameworks",
				);
				PRODUCT_BUNDLE_IDENTIFIER = "com.smidl.fb-feed";
				PRODUCT_NAME = "$(TARGET_NAME)";
				SWIFT_VERSION = 4.0;
				TARGETED_DEVICE_FAMILY = 1;
			};
			name = Debug;
		};
		77428E7320A756E100B1658B /* Release */ = {
			isa = XCBuildConfiguration;
			baseConfigurationReference = 25EE7D1AC270CD286809978A /* Pods-fb-feed.release.xcconfig */;
			buildSettings = {
				ASSETCATALOG_COMPILER_APPICON_NAME = AppIcon;
				CODE_SIGN_STYLE = Automatic;
				INFOPLIST_FILE = "fb-feed/Info.plist";
				IPHONEOS_DEPLOYMENT_TARGET = 11.0;
				LD_RUNPATH_SEARCH_PATHS = (
					"$(inherited)",
					"@executable_path/Frameworks",
				);
				PRODUCT_BUNDLE_IDENTIFIER = "com.smidl.fb-feed";
				PRODUCT_NAME = "$(TARGET_NAME)";
				SWIFT_VERSION = 4.0;
				TARGETED_DEVICE_FAMILY = 1;
			};
			name = Release;
		};
/* End XCBuildConfiguration section */

/* Begin XCConfigurationList section */
		77428E5A20A756DC00B1658B /* Build configuration list for PBXProject "fb-feed" */ = {
			isa = XCConfigurationList;
			buildConfigurations = (
				77428E6F20A756E100B1658B /* Debug */,
				77428E7020A756E100B1658B /* Release */,
			);
			defaultConfigurationIsVisible = 0;
			defaultConfigurationName = Release;
		};
		77428E7120A756E100B1658B /* Build configuration list for PBXNativeTarget "fb-feed" */ = {
			isa = XCConfigurationList;
			buildConfigurations = (
				77428E7220A756E100B1658B /* Debug */,
				77428E7320A756E100B1658B /* Release */,
			);
			defaultConfigurationIsVisible = 0;
			defaultConfigurationName = Release;
		};
/* End XCConfigurationList section */
	};
	rootObject = 77428E5720A756DC00B1658B /* Project object */;
}
